
Microsoft Visual Studio Solution File, Format Version 12.00
# Visual Studio Version 17
VisualStudioVersion = 17.14.36518.9 d17.14
MinimumVisualStudioVersion = 10.0.40219.1
Project("{FAE04EC0-301F-11D3-BF4B-00C04F79EFBC}") = "GetDriveTypeServer", "GetDriveTypeServer\GetDriveTypeServer.csproj", "{44D64FD0-F538-41B9-9380-AA8541E739B8}"
EndProject
Global
	GlobalSection(SolutionConfigurationPlatforms) = preSolution
		Debug|Any CPU = Debug|Any CPU
		Release|Any CPU = Release|Any CPU
	EndGlobalSection
	GlobalSection(ProjectConfigurationPlatforms) = postSolution
		{44D64FD0-F538-41B9-9380-AA8541E739B8}.Debug|Any CPU.ActiveCfg = Debug|Any CPU
		{44D64FD0-F538-41B9-9380-AA8541E739B8}.Debug|Any CPU.Build.0 = Debug|Any CPU
		{44D64FD0-F538-41B9-9380-AA8541E739B8}.Release|Any CPU.ActiveCfg = Release|Any CPU
		{44D64FD0-F538-41B9-9380-AA8541E739B8}.Release|Any CPU.Build.0 = Release|Any CPU
	EndGlobalSection
	GlobalSection(SolutionProperties) = preSolution
		HideSolutionNode = FALSE
	EndGlobalSection
	GlobalSection(ExtensibilityGlobals) = postSolution
		SolutionGuid = {5F58195F-002B-477F-9CFB-BE40A77EBBC1}
	EndGlobalSection
EndGlobal
