
Microsoft Visual Studio Solution File, Format Version 12.00
# Visual Studio Version 17
VisualStudioVersion = 17.14.36518.9 d17.14
MinimumVisualStudioVersion = 10.0.40219.1
Project("{FAE04EC0-301F-11D3-BF4B-00C04F79EFBC}") = "FlowerBed", "FlowerBed\FlowerBed.csproj", "{95395AAA-782F-4584-AD73-7FDCC4996DFC}"
EndProject
Global
	GlobalSection(SolutionConfigurationPlatforms) = preSolution
		Debug|Any CPU = Debug|Any CPU
		Release|Any CPU = Release|Any CPU
	EndGlobalSection
	GlobalSection(ProjectConfigurationPlatforms) = postSolution
		{95395AAA-782F-4584-AD73-7FDCC4996DFC}.Debug|Any CPU.ActiveCfg = Debug|Any CPU
		{95395AAA-782F-4584-AD73-7FDCC4996DFC}.Debug|Any CPU.Build.0 = Debug|Any CPU
		{95395AAA-782F-4584-AD73-7FDCC4996DFC}.Release|Any CPU.ActiveCfg = Release|Any CPU
		{95395AAA-782F-4584-AD73-7FDCC4996DFC}.Release|Any CPU.Build.0 = Release|Any CPU
	EndGlobalSection
	GlobalSection(SolutionProperties) = preSolution
		HideSolutionNode = FALSE
	EndGlobalSection
	GlobalSection(ExtensibilityGlobals) = postSolution
		SolutionGuid = {64A04922-FFB7-4E73-A1AB-F5344431CFCD}
	EndGlobalSection
EndGlobal
