
Microsoft Visual Studio Solution File, Format Version 12.00
# Visual Studio Version 17
VisualStudioVersion = 17.14.36518.9 d17.14
MinimumVisualStudioVersion = 10.0.40219.1
Project("{FAE04EC0-301F-11D3-BF4B-00C04F79EFBC}") = "CunniBalls", "CunniBalls\CunniBalls.csproj", "{D33DD2CC-4E26-4724-9B96-89DACAB4A6B9}"
EndProject
Global
	GlobalSection(SolutionConfigurationPlatforms) = preSolution
		Debug|Any CPU = Debug|Any CPU
		Release|Any CPU = Release|Any CPU
	EndGlobalSection
	GlobalSection(ProjectConfigurationPlatforms) = postSolution
		{D33DD2CC-4E26-4724-9B96-89DACAB4A6B9}.Debug|Any CPU.ActiveCfg = Debug|Any CPU
		{D33DD2CC-4E26-4724-9B96-89DACAB4A6B9}.Debug|Any CPU.Build.0 = Debug|Any CPU
		{D33DD2CC-4E26-4724-9B96-89DACAB4A6B9}.Release|Any CPU.ActiveCfg = Release|Any CPU
		{D33DD2CC-4E26-4724-9B96-89DACAB4A6B9}.Release|Any CPU.Build.0 = Release|Any CPU
	EndGlobalSection
	GlobalSection(SolutionProperties) = preSolution
		HideSolutionNode = FALSE
	EndGlobalSection
	GlobalSection(ExtensibilityGlobals) = postSolution
		SolutionGuid = {C098A6DF-E84F-434F-A24E-3C7465DC1D0F}
	EndGlobalSection
EndGlobal
