
Microsoft Visual Studio Solution File, Format Version 12.00
# Visual Studio Version 17
VisualStudioVersion = 17.14.36518.9 d17.14
MinimumVisualStudioVersion = 10.0.40219.1
Project("{FAE04EC0-301F-11D3-BF4B-00C04F79EFBC}") = "FileTimeServer", "FileTimeServer\FileTimeServer.csproj", "{AE899246-E87F-43FA-8EDB-9A3BBE084BD0}"
EndProject
Global
	GlobalSection(SolutionConfigurationPlatforms) = preSolution
		Debug|Any CPU = Debug|Any CPU
		Release|Any CPU = Release|Any CPU
	EndGlobalSection
	GlobalSection(ProjectConfigurationPlatforms) = postSolution
		{AE899246-E87F-43FA-8EDB-9A3BBE084BD0}.Debug|Any CPU.ActiveCfg = Debug|Any CPU
		{AE899246-E87F-43FA-8EDB-9A3BBE084BD0}.Debug|Any CPU.Build.0 = Debug|Any CPU
		{AE899246-E87F-43FA-8EDB-9A3BBE084BD0}.Release|Any CPU.ActiveCfg = Release|Any CPU
		{AE899246-E87F-43FA-8EDB-9A3BBE084BD0}.Release|Any CPU.Build.0 = Release|Any CPU
	EndGlobalSection
	GlobalSection(SolutionProperties) = preSolution
		HideSolutionNode = FALSE
	EndGlobalSection
	GlobalSection(ExtensibilityGlobals) = postSolution
		SolutionGuid = {96144C61-DB3D-414C-B311-89B1CA4FF065}
	EndGlobalSection
EndGlobal
