
Microsoft Visual Studio Solution File, Format Version 12.00
# Visual Studio Version 17
VisualStudioVersion = 17.14.36623.8 d17.14
MinimumVisualStudioVersion = 10.0.40219.1
Project("{FAE04EC0-301F-11D3-BF4B-00C04F79EFBC}") = "pz5", "pz5\pz5.csproj", "{C892E882-2F13-4F52-8079-7ABE9D33C28D}"
EndProject
Global
	GlobalSection(SolutionConfigurationPlatforms) = preSolution
		Debug|Any CPU = Debug|Any CPU
		Release|Any CPU = Release|Any CPU
	EndGlobalSection
	GlobalSection(ProjectConfigurationPlatforms) = postSolution
		{C892E882-2F13-4F52-8079-7ABE9D33C28D}.Debug|Any CPU.ActiveCfg = Debug|Any CPU
		{C892E882-2F13-4F52-8079-7ABE9D33C28D}.Debug|Any CPU.Build.0 = Debug|Any CPU
		{C892E882-2F13-4F52-8079-7ABE9D33C28D}.Release|Any CPU.ActiveCfg = Release|Any CPU
		{C892E882-2F13-4F52-8079-7ABE9D33C28D}.Release|Any CPU.Build.0 = Release|Any CPU
	EndGlobalSection
	GlobalSection(SolutionProperties) = preSolution
		HideSolutionNode = FALSE
	EndGlobalSection
	GlobalSection(ExtensibilityGlobals) = postSolution
		SolutionGuid = {82CF8DD5-D85F-4B27-9F45-5D9A38E2879B}
	EndGlobalSection
EndGlobal
