
Microsoft Visual Studio Solution File, Format Version 12.00
# Visual Studio Version 17
VisualStudioVersion = 17.14.36518.9 d17.14
MinimumVisualStudioVersion = 10.0.40219.1
Project("{FAE04EC0-301F-11D3-BF4B-00C04F79EFBC}") = "BarberShop", "BarberShop\BarberShop.csproj", "{D2E81454-A184-403F-9493-23189F995A33}"
EndProject
Global
	GlobalSection(SolutionConfigurationPlatforms) = preSolution
		Debug|Any CPU = Debug|Any CPU
		Release|Any CPU = Release|Any CPU
	EndGlobalSection
	GlobalSection(ProjectConfigurationPlatforms) = postSolution
		{D2E81454-A184-403F-9493-23189F995A33}.Debug|Any CPU.ActiveCfg = Debug|Any CPU
		{D2E81454-A184-403F-9493-23189F995A33}.Debug|Any CPU.Build.0 = Debug|Any CPU
		{D2E81454-A184-403F-9493-23189F995A33}.Release|Any CPU.ActiveCfg = Release|Any CPU
		{D2E81454-A184-403F-9493-23189F995A33}.Release|Any CPU.Build.0 = Release|Any CPU
	EndGlobalSection
	GlobalSection(SolutionProperties) = preSolution
		HideSolutionNode = FALSE
	EndGlobalSection
	GlobalSection(ExtensibilityGlobals) = postSolution
		SolutionGuid = {A5329FDE-ED4D-4794-9918-3452D23760BE}
	EndGlobalSection
EndGlobal
